<Solution>
  <Project Path="AntecessorSucessor/AntecessorSucessor.csproj" />
  <Project Path="AreaRetangulo/AreaRetangulo.csproj" />
  <Project Path="CaixaEletronico/CaixaEletronico.csproj" />
  <Project Path="CalculadoraSimples/CalculadoraSimples.csproj" />
  <Project Path="ContadorCaracteres/ContadorCaracteres.csproj" />
  <Project Path="ContagemCrescente/ContagemCrescente.csproj" />
  <Project Path="ContagemPares/ContagemPares.csproj" />
  <Project Path="ContagemRegressiva/ContagemRegressiva.csproj" />
  <Project Path="ConversorMoedas/ConversorMoedas.csproj" />
  <Project Path="JogoSenha/JogoSenha.csproj" />
  <Project Path="LoginSimples/LoginSimples.csproj" />
  <Project Path="MaiorElemento/MaiorElemento.csproj" />
  <Project Path="MediaNotas/MediaNotas.csproj" />
  <Project Path="OrdemInversa/OrdemInversa.csproj" />
  <Project Path="SomaAteZero/SomaAteZero.csproj" />
  <Project Path="SomaDoisNumeros/SomaDoisNumeros.csproj" />
  <Project Path="SomaNumerosPares/SomaNumerosPares.csproj" />
  <Project Path="Tabuada/Tabuada.csproj" />
  <Project Path="VerificaSenha/VerificaSenha.csproj" />
</Solution>
